
Microsoft Visual Studio Solution File, Format Version 12.00
# Visual Studio 15
VisualStudioVersion = 15.0.28010.2046
MinimumVisualStudioVersion = 10.0.40219.1
Project("{FAE04EC0-301F-11D3-BF4B-00C04F79EFBC}") = "BotWelcomeMsg", "BotWelcomeMsg\BotWelcomeMsg.csproj", "{C033167D-E743-47D6-B455-71E9B745C15E}"
EndProject
Global
	GlobalSection(SolutionConfigurationPlatforms) = preSolution
		Debug|Any CPU = Debug|Any CPU
		Release|Any CPU = Release|Any CPU
	EndGlobalSection
	GlobalSection(ProjectConfigurationPlatforms) = postSolution
		{C033167D-E743-47D6-B455-71E9B745C15E}.Debug|Any CPU.ActiveCfg = Debug|Any CPU
		{C033167D-E743-47D6-B455-71E9B745C15E}.Debug|Any CPU.Build.0 = Debug|Any CPU
		{C033167D-E743-47D6-B455-71E9B745C15E}.Release|Any CPU.ActiveCfg = Release|Any CPU
		{C033167D-E743-47D6-B455-71E9B745C15E}.Release|Any CPU.Build.0 = Release|Any CPU
	EndGlobalSection
	GlobalSection(SolutionProperties) = preSolution
		HideSolutionNode = FALSE
	EndGlobalSection
	GlobalSection(ExtensibilityGlobals) = postSolution
		SolutionGuid = {E416D015-7E82-44EC-96BF-78647EEC926C}
	EndGlobalSection
EndGlobal
