
Microsoft Visual Studio Solution File, Format Version 12.00
# Visual Studio 15
VisualStudioVersion = 15.0.28010.2046
MinimumVisualStudioVersion = 10.0.40219.1
Project("{FAE04EC0-301F-11D3-BF4B-00C04F79EFBC}") = "Middleware", "Middleware\Middleware.csproj", "{C80D21D9-9C1A-41EC-A5F8-1CE0ED965151}"
EndProject
Global
	GlobalSection(SolutionConfigurationPlatforms) = preSolution
		Debug|Any CPU = Debug|Any CPU
		Release|Any CPU = Release|Any CPU
	EndGlobalSection
	GlobalSection(ProjectConfigurationPlatforms) = postSolution
		{C80D21D9-9C1A-41EC-A5F8-1CE0ED965151}.Debug|Any CPU.ActiveCfg = Debug|Any CPU
		{C80D21D9-9C1A-41EC-A5F8-1CE0ED965151}.Debug|Any CPU.Build.0 = Debug|Any CPU
		{C80D21D9-9C1A-41EC-A5F8-1CE0ED965151}.Release|Any CPU.ActiveCfg = Release|Any CPU
		{C80D21D9-9C1A-41EC-A5F8-1CE0ED965151}.Release|Any CPU.Build.0 = Release|Any CPU
	EndGlobalSection
	GlobalSection(SolutionProperties) = preSolution
		HideSolutionNode = FALSE
	EndGlobalSection
	GlobalSection(ExtensibilityGlobals) = postSolution
		SolutionGuid = {ED906894-3C56-4470-9823-4D87F4A3A6AE}
	EndGlobalSection
EndGlobal
