
Microsoft Visual Studio Solution File, Format Version 12.00
# Visual Studio 15
VisualStudioVersion = 15.0.28010.2041
MinimumVisualStudioVersion = 10.0.40219.1
Project("{FAE04EC0-301F-11D3-BF4B-00C04F79EFBC}") = "NewBotSample", "NewBotSample\NewBotSample.csproj", "{236A55C2-9FB5-47CA-9758-1DCAD745C038}"
EndProject
Global
	GlobalSection(SolutionConfigurationPlatforms) = preSolution
		Debug|Any CPU = Debug|Any CPU
		Release|Any CPU = Release|Any CPU
	EndGlobalSection
	GlobalSection(ProjectConfigurationPlatforms) = postSolution
		{236A55C2-9FB5-47CA-9758-1DCAD745C038}.Debug|Any CPU.ActiveCfg = Debug|Any CPU
		{236A55C2-9FB5-47CA-9758-1DCAD745C038}.Debug|Any CPU.Build.0 = Debug|Any CPU
		{236A55C2-9FB5-47CA-9758-1DCAD745C038}.Release|Any CPU.ActiveCfg = Release|Any CPU
		{236A55C2-9FB5-47CA-9758-1DCAD745C038}.Release|Any CPU.Build.0 = Release|Any CPU
	EndGlobalSection
	GlobalSection(SolutionProperties) = preSolution
		HideSolutionNode = FALSE
	EndGlobalSection
	GlobalSection(ExtensibilityGlobals) = postSolution
		SolutionGuid = {CAF3C2B1-9DB8-4542-A820-49815E398992}
	EndGlobalSection
EndGlobal
