
Microsoft Visual Studio Solution File, Format Version 12.00
# Visual Studio Version 16
VisualStudioVersion = 16.0.29123.89
MinimumVisualStudioVersion = 10.0.40219.1
Project("{9A19103F-16F7-4668-BE54-9A1E7A4F7556}") = "DemoAdaptive", "DemoAdaptive.csproj", "{A1C8DED9-4177-4794-99B4-24C798EA07A0}"
EndProject
Global
	GlobalSection(SolutionConfigurationPlatforms) = preSolution
		Debug|Any CPU = Debug|Any CPU
		Release|Any CPU = Release|Any CPU
	EndGlobalSection
	GlobalSection(ProjectConfigurationPlatforms) = postSolution
		{A1C8DED9-4177-4794-99B4-24C798EA07A0}.Debug|Any CPU.ActiveCfg = Debug|Any CPU
		{A1C8DED9-4177-4794-99B4-24C798EA07A0}.Debug|Any CPU.Build.0 = Debug|Any CPU
		{A1C8DED9-4177-4794-99B4-24C798EA07A0}.Release|Any CPU.ActiveCfg = Release|Any CPU
		{A1C8DED9-4177-4794-99B4-24C798EA07A0}.Release|Any CPU.Build.0 = Release|Any CPU
	EndGlobalSection
	GlobalSection(SolutionProperties) = preSolution
		HideSolutionNode = FALSE
	EndGlobalSection
	GlobalSection(ExtensibilityGlobals) = postSolution
		SolutionGuid = {54F6F17E-2DC4-4403-90D9-A433B2A8F8D5}
	EndGlobalSection
EndGlobal
