
Microsoft Visual Studio Solution File, Format Version 12.00
# Visual Studio Version 16
VisualStudioVersion = 16.0.28527.54
MinimumVisualStudioVersion = 10.0.40219.1
Project("{FAE04EC0-301F-11D3-BF4B-00C04F79EFBC}") = "MeetupDemo", "MeetupDemo\MeetupDemo.csproj", "{4E36C9DF-2B33-48A4-A452-C54297622E78}"
EndProject
Global
	GlobalSection(SolutionConfigurationPlatforms) = preSolution
		Debug|Any CPU = Debug|Any CPU
		Release|Any CPU = Release|Any CPU
	EndGlobalSection
	GlobalSection(ProjectConfigurationPlatforms) = postSolution
		{4E36C9DF-2B33-48A4-A452-C54297622E78}.Debug|Any CPU.ActiveCfg = Debug|Any CPU
		{4E36C9DF-2B33-48A4-A452-C54297622E78}.Debug|Any CPU.Build.0 = Debug|Any CPU
		{4E36C9DF-2B33-48A4-A452-C54297622E78}.Release|Any CPU.ActiveCfg = Release|Any CPU
		{4E36C9DF-2B33-48A4-A452-C54297622E78}.Release|Any CPU.Build.0 = Release|Any CPU
	EndGlobalSection
	GlobalSection(SolutionProperties) = preSolution
		HideSolutionNode = FALSE
	EndGlobalSection
	GlobalSection(ExtensibilityGlobals) = postSolution
		SolutionGuid = {6976ADD7-F143-44B1-80B4-FF4524644DF7}
	EndGlobalSection
EndGlobal
